// !$*UTF8*$!
{
	archiveVersion = 1;
	classes = {
	};
	objectVersion = 56;
	objects = {

/* Begin PBXBuildFile section */
		71C3207229D27DC0008310B9 /* SwiftConcurrencyBootcampApp.swift in Sources */ = {isa = PBXBuildFile; fileRef = 71C3207129D27DC0008310B9 /* SwiftConcurrencyBootcampApp.swift */; };
		71C3207429D27DC0008310B9 /* ContentView.swift in Sources */ = {isa = PBXBuildFile; fileRef = 71C3207329D27DC0008310B9 /* ContentView.swift */; };
		71C3207629D27DC2008310B9 /* Assets.xcassets in Resources */ = {isa = PBXBuildFile; fileRef = 71C3207529D27DC2008310B9 /* Assets.xcassets */; };
		71C3207929D27DC2008310B9 /* Preview Assets.xcassets in Resources */ = {isa = PBXBuildFile; fileRef = 71C3207829D27DC2008310B9 /* Preview Assets.xcassets */; };
		71C3208329D27DC2008310B9 /* SwiftConcurrencyBootcampTests.swift in Sources */ = {isa = PBXBuildFile; fileRef = 71C3208229D27DC2008310B9 /* SwiftConcurrencyBootcampTests.swift */; };
		71C3208D29D27DC2008310B9 /* SwiftConcurrencyBootcampUITests.swift in Sources */ = {isa = PBXBuildFile; fileRef = 71C3208C29D27DC2008310B9 /* SwiftConcurrencyBootcampUITests.swift */; };
		71C3208F29D27DC2008310B9 /* SwiftConcurrencyBootcampUITestsLaunchTests.swift in Sources */ = {isa = PBXBuildFile; fileRef = 71C3208E29D27DC2008310B9 /* SwiftConcurrencyBootcampUITestsLaunchTests.swift */; };
/* End PBXBuildFile section */

/* Begin PBXContainerItemProxy section */
		71C3207F29D27DC2008310B9 /* PBXContainerItemProxy */ = {
			isa = PBXContainerItemProxy;
			containerPortal = 71C3206629D27DC0008310B9 /* Project object */;
			proxyType = 1;
			remoteGlobalIDString = 71C3206D29D27DC0008310B9;
			remoteInfo = SwiftConcurrencyBootcamp;
		};
		71C3208929D27DC2008310B9 /* PBXContainerItemProxy */ = {
			isa = PBXContainerItemProxy;
			containerPortal = 71C3206629D27DC0008310B9 /* Project object */;
			proxyType = 1;
			remoteGlobalIDString = 71C3206D29D27DC0008310B9;
			remoteInfo = SwiftConcurrencyBootcamp;
		};
/* End PBXContainerItemProxy section */

/* Begin PBXFileReference section */
		71C3206E29D27DC0008310B9 /* SwiftConcurrencyBootcamp.app */ = {isa = PBXFileReference; explicitFileType = wrapper.application; includeInIndex = 0; path = SwiftConcurrencyBootcamp.app; sourceTree = BUILT_PRODUCTS_DIR; };
		71C3207129D27DC0008310B9 /* SwiftConcurrencyBootcampApp.swift */ = {isa = PBXFileReference; lastKnownFileType = sourcecode.swift; path = SwiftConcurrencyBootcampApp.swift; sourceTree = "<group>"; };
		71C3207329D27DC0008310B9 /* ContentView.swift */ = {isa = PBXFileReference; lastKnownFileType = sourcecode.swift; path = ContentView.swift; sourceTree = "<group>"; };
		71C3207529D27DC2008310B9 /* Assets.xcassets */ = {isa = PBXFileReference; lastKnownFileType = folder.assetcatalog; path = Assets.xcassets; sourceTree = "<group>"; };
		71C3207829D27DC2008310B9 /* Preview Assets.xcassets */ = {isa = PBXFileReference; lastKnownFileType = folder.assetcatalog; path = "Preview Assets.xcassets"; sourceTree = "<group>"; };
		71C3207E29D27DC2008310B9 /* SwiftConcurrencyBootcampTests.xctest */ = {isa = PBXFileReference; explicitFileType = wrapper.cfbundle; includeInIndex = 0; path = SwiftConcurrencyBootcampTests.xctest; sourceTree = BUILT_PRODUCTS_DIR; };
		71C3208229D27DC2008310B9 /* SwiftConcurrencyBootcampTests.swift */ = {isa = PBXFileReference; lastKnownFileType = sourcecode.swift; path = SwiftConcurrencyBootcampTests.swift; sourceTree = "<group>"; };
		71C3208829D27DC2008310B9 /* SwiftConcurrencyBootcampUITests.xctest */ = {isa = PBXFileReference; explicitFileType = wrapper.cfbundle; includeInIndex = 0; path = SwiftConcurrencyBootcampUITests.xctest; sourceTree = BUILT_PRODUCTS_DIR; };
		71C3208C29D27DC2008310B9 /* SwiftConcurrencyBootcampUITests.swift */ = {isa = PBXFileReference; lastKnownFileType = sourcecode.swift; path = SwiftConcurrencyBootcampUITests.swift; sourceTree = "<group>"; };
		71C3208E29D27DC2008310B9 /* SwiftConcurrencyBootcampUITestsLaunchTests.swift */ = {isa = PBXFileReference; lastKnownFileType = sourcecode.swift; path = SwiftConcurrencyBootcampUITestsLaunchTests.swift; sourceTree = "<group>"; };
/* End PBXFileReference section */

/* Begin PBXFrameworksBuildPhase section */
		71C3206B29D27DC0008310B9 /* Frameworks */ = {
			isa = PBXFrameworksBuildPhase;
			buildActionMask = 2147483647;
			files = (
			);
			runOnlyForDeploymentPostprocessing = 0;
		};
		71C3207B29D27DC2008310B9 /* Frameworks */ = {
			isa = PBXFrameworksBuildPhase;
			buildActionMask = 2147483647;
			files = (
			);
			runOnlyForDeploymentPostprocessing = 0;
		};
		71C3208529D27DC2008310B9 /* Frameworks */ = {
			isa = PBXFrameworksBuildPhase;
			buildActionMask = 2147483647;
			files = (
			);
			runOnlyForDeploymentPostprocessing = 0;
		};
/* End PBXFrameworksBuildPhase section */

/* Begin PBXGroup section */
		71C3206529D27DC0008310B9 = {
			isa = PBXGroup;
			children = (
				71C3207029D27DC0008310B9 /* SwiftConcurrencyBootcamp */,
				71C3208129D27DC2008310B9 /* SwiftConcurrencyBootcampTests */,
				71C3208B29D27DC2008310B9 /* SwiftConcurrencyBootcampUITests */,
				71C3206F29D27DC0008310B9 /* Products */,
			);
			sourceTree = "<group>";
		};
		71C3206F29D27DC0008310B9 /* Products */ = {
			isa = PBXGroup;
			children = (
				71C3206E29D27DC0008310B9 /* SwiftConcurrencyBootcamp.app */,
				71C3207E29D27DC2008310B9 /* SwiftConcurrencyBootcampTests.xctest */,
				71C3208829D27DC2008310B9 /* SwiftConcurrencyBootcampUITests.xctest */,
			);
			name = Products;
			sourceTree = "<group>";
		};
		71C3207029D27DC0008310B9 /* SwiftConcurrencyBootcamp */ = {
			isa = PBXGroup;
			children = (
				71C3207129D27DC0008310B9 /* SwiftConcurrencyBootcampApp.swift */,
				71C3207329D27DC0008310B9 /* ContentView.swift */,
				71C3207529D27DC2008310B9 /* Assets.xcassets */,
				71C3207729D27DC2008310B9 /* Preview Content */,
			);
			path = SwiftConcurrencyBootcamp;
			sourceTree = "<group>";
		};
		71C3207729D27DC2008310B9 /* Preview Content */ = {
			isa = PBXGroup;
			children = (
				71C3207829D27DC2008310B9 /* Preview Assets.xcassets */,
			);
			path = "Preview Content";
			sourceTree = "<group>";
		};
		71C3208129D27DC2008310B9 /* SwiftConcurrencyBootcampTests */ = {
			isa = PBXGroup;
			children = (
				71C3208229D27DC2008310B9 /* SwiftConcurrencyBootcampTests.swift */,
			);
			path = SwiftConcurrencyBootcampTests;
			sourceTree = "<group>";
		};
		71C3208B29D27DC2008310B9 /* SwiftConcurrencyBootcampUITests */ = {
			isa = PBXGroup;
			children = (
				71C3208C29D27DC2008310B9 /* SwiftConcurrencyBootcampUITests.swift */,
				71C3208E29D27DC2008310B9 /* SwiftConcurrencyBootcampUITestsLaunchTests.swift */,
			);
			path = SwiftConcurrencyBootcampUITests;
			sourceTree = "<group>";
		};
/* End PBXGroup section */

/* Begin PBXNativeTarget section */
		71C3206D29D27DC0008310B9 /* SwiftConcurrencyBootcamp */ = {
			isa = PBXNativeTarget;
			buildConfigurationList = 71C3209229D27DC2008310B9 /* Build configuration list for PBXNativeTarget "SwiftConcurrencyBootcamp" */;
			buildPhases = (
				71C3206A29D27DC0008310B9 /* Sources */,
				71C3206B29D27DC0008310B9 /* Frameworks */,
				71C3206C29D27DC0008310B9 /* Resources */,
			);
			buildRules = (
			);
			dependencies = (
			);
			name = SwiftConcurrencyBootcamp;
			productName = SwiftConcurrencyBootcamp;
			productReference = 71C3206E29D27DC0008310B9 /* SwiftConcurrencyBootcamp.app */;
			productType = "com.apple.product-type.application";
		};
		71C3207D29D27DC2008310B9 /* SwiftConcurrencyBootcampTests */ = {
			isa = PBXNativeTarget;
			buildConfigurationList = 71C3209529D27DC2008310B9 /* Build configuration list for PBXNativeTarget "SwiftConcurrencyBootcampTests" */;
			buildPhases = (
				71C3207A29D27DC2008310B9 /* Sources */,
				71C3207B29D27DC2008310B9 /* Frameworks */,
				71C3207C29D27DC2008310B9 /* Resources */,
			);
			buildRules = (
			);
			dependencies = (
				71C3208029D27DC2008310B9 /* PBXTargetDependency */,
			);
			name = SwiftConcurrencyBootcampTests;
			productName = SwiftConcurrencyBootcampTests;
			productReference = 71C3207E29D27DC2008310B9 /* SwiftConcurrencyBootcampTests.xctest */;
			productType = "com.apple.product-type.bundle.unit-test";
		};
		71C3208729D27DC2008310B9 /* SwiftConcurrencyBootcampUITests */ = {
			isa = PBXNativeTarget;
			buildConfigurationList = 71C3209829D27DC2008310B9 /* Build configuration list for PBXNativeTarget "SwiftConcurrencyBootcampUITests" */;
			buildPhases = (
				71C3208429D27DC2008310B9 /* Sources */,
				71C3208529D27DC2008310B9 /* Frameworks */,
				71C3208629D27DC2008310B9 /* Resources */,
			);
			buildRules = (
			);
			dependencies = (
				71C3208A29D27DC2008310B9 /* PBXTargetDependency */,
			);
			name = SwiftConcurrencyBootcampUITests;
			productName = SwiftConcurrencyBootcampUITests;
			productReference = 71C3208829D27DC2008310B9 /* SwiftConcurrencyBootcampUITests.xctest */;
			productType = "com.apple.product-type.bundle.ui-testing";
		};
/* End PBXNativeTarget section */

/* Begin PBXProject section */
		71C3206629D27DC0008310B9 /* Project object */ = {
			isa = PBXProject;
			attributes = {
				BuildIndependentTargetsInParallel = 1;
				LastSwiftUpdateCheck = 1410;
				LastUpgradeCheck = 1410;
				TargetAttributes = {
					71C3206D29D27DC0008310B9 = {
						CreatedOnToolsVersion = 14.1;
					};
					71C3207D29D27DC2008310B9 = {
						CreatedOnToolsVersion = 14.1;
						TestTargetID = 71C3206D29D27DC0008310B9;
					};
					71C3208729D27DC2008310B9 = {
						CreatedOnToolsVersion = 14.1;
						TestTargetID = 71C3206D29D27DC0008310B9;
					};
				};
			};
			buildConfigurationList = 71C3206929D27DC0008310B9 /* Build configuration list for PBXProject "SwiftConcurrencyBootcamp" */;
			compatibilityVersion = "Xcode 14.0";
			developmentRegion = en;
			hasScannedForEncodings = 0;
			knownRegions = (
				en,
				Base,
			);
			mainGroup = 71C3206529D27DC0008310B9;
			productRefGroup = 71C3206F29D27DC0008310B9 /* Products */;
			projectDirPath = "";
			projectRoot = "";
			targets = (
				71C3206D29D27DC0008310B9 /* SwiftConcurrencyBootcamp */,
				71C3207D29D27DC2008310B9 /* SwiftConcurrencyBootcampTests */,
				71C3208729D27DC2008310B9 /* SwiftConcurrencyBootcampUITests */,
			);
		};
/* End PBXProject section */

/* Begin PBXResourcesBuildPhase section */
		71C3206C29D27DC0008310B9 /* Resources */ = {
			isa = PBXResourcesBuildPhase;
			buildActionMask = 2147483647;
			files = (
				71C3207929D27DC2008310B9 /* Preview Assets.xcassets in Resources */,
				71C3207629D27DC2008310B9 /* Assets.xcassets in Resources */,
			);
			runOnlyForDeploymentPostprocessing = 0;
		};
		71C3207C29D27DC2008310B9 /* Resources */ = {
			isa = PBXResourcesBuildPhase;
			buildActionMask = 2147483647;
			files = (
			);
			runOnlyForDeploymentPostprocessing = 0;
		};
		71C3208629D27DC2008310B9 /* Resources */ = {
			isa = PBXResourcesBuildPhase;
			buildActionMask = 2147483647;
			files = (
			);
			runOnlyForDeploymentPostprocessing = 0;
		};
/* End PBXResourcesBuildPhase section */

/* Begin PBXSourcesBuildPhase section */
		71C3206A29D27DC0008310B9 /* Sources */ = {
			isa = PBXSourcesBuildPhase;
			buildActionMask = 2147483647;
			files = (
				71C3207429D27DC0008310B9 /* ContentView.swift in Sources */,
				71C3207229D27DC0008310B9 /* SwiftConcurrencyBootcampApp.swift in Sources */,
			);
			runOnlyForDeploymentPostprocessing = 0;
		};
		71C3207A29D27DC2008310B9 /* Sources */ = {
			isa = PBXSourcesBuildPhase;
			buildActionMask = 2147483647;
			files = (
				71C3208329D27DC2008310B9 /* SwiftConcurrencyBootcampTests.swift in Sources */,
			);
			runOnlyForDeploymentPostprocessing = 0;
		};
		71C3208429D27DC2008310B9 /* Sources */ = {
			isa = PBXSourcesBuildPhase;
			buildActionMask = 2147483647;
			files = (
				71C3208D29D27DC2008310B9 /* SwiftConcurrencyBootcampUITests.swift in Sources */,
				71C3208F29D27DC2008310B9 /* SwiftConcurrencyBootcampUITestsLaunchTests.swift in Sources */,
			);
			runOnlyForDeploymentPostprocessing = 0;
		};
/* End PBXSourcesBuildPhase section */

/* Begin PBXTargetDependency section */
		71C3208029D27DC2008310B9 /* PBXTargetDependency */ = {
			isa = PBXTargetDependency;
			target = 71C3206D29D27DC0008310B9 /* SwiftConcurrencyBootcamp */;
			targetProxy = 71C3207F29D27DC2008310B9 /* PBXContainerItemProxy */;
		};
		71C3208A29D27DC2008310B9 /* PBXTargetDependency */ = {
			isa = PBXTargetDependency;
			target = 71C3206D29D27DC0008310B9 /* SwiftConcurrencyBootcamp */;
			targetProxy = 71C3208929D27DC2008310B9 /* PBXContainerItemProxy */;
		};
/* End PBXTargetDependency section */

/* Begin XCBuildConfiguration section */
		71C3209029D27DC2008310B9 /* Debug */ = {
			isa = XCBuildConfiguration;
			buildSettings = {
				ALWAYS_SEARCH_USER_PATHS = NO;
				CLANG_ANALYZER_NONNULL = YES;
				CLANG_ANALYZER_NUMBER_OBJECT_CONVERSION = YES_AGGRESSIVE;
				CLANG_CXX_LANGUAGE_STANDARD = "gnu++20";
				CLANG_ENABLE_MODULES = YES;
				CLANG_ENABLE_OBJC_ARC = YES;
				CLANG_ENABLE_OBJC_WEAK = YES;
				CLANG_WARN_BLOCK_CAPTURE_AUTORELEASING = YES;
				CLANG_WARN_BOOL_CONVERSION = YES;
				CLANG_WARN_COMMA = YES;
				CLANG_WARN_CONSTANT_CONVERSION = YES;
				CLANG_WARN_DEPRECATED_OBJC_IMPLEMENTATIONS = YES;
				CLANG_WARN_DIRECT_OBJC_ISA_USAGE = YES_ERROR;
				CLANG_WARN_DOCUMENTATION_COMMENTS = YES;
				CLANG_WARN_EMPTY_BODY = YES;
				CLANG_WARN_ENUM_CONVERSION = YES;
				CLANG_WARN_INFINITE_RECURSION = YES;
				CLANG_WARN_INT_CONVERSION = YES;
				CLANG_WARN_NON_LITERAL_NULL_CONVERSION = YES;
				CLANG_WARN_OBJC_IMPLICIT_RETAIN_SELF = YES;
				CLANG_WARN_OBJC_LITERAL_CONVERSION = YES;
				CLANG_WARN_OBJC_ROOT_CLASS = YES_ERROR;
				CLANG_WARN_QUOTED_INCLUDE_IN_FRAMEWORK_HEADER = YES;
				CLANG_WARN_RANGE_LOOP_ANALYSIS = YES;
				CLANG_WARN_STRICT_PROTOTYPES = YES;
				CLANG_WARN_SUSPICIOUS_MOVE = YES;
				CLANG_WARN_UNGUARDED_AVAILABILITY = YES_AGGRESSIVE;
				CLANG_WARN_UNREACHABLE_CODE = YES;
				CLANG_WARN__DUPLICATE_METHOD_MATCH = YES;
				COPY_PHASE_STRIP = NO;
				DEBUG_INFORMATION_FORMAT = dwarf;
				ENABLE_STRICT_OBJC_MSGSEND = YES;
				ENABLE_TESTABILITY = YES;
				GCC_C_LANGUAGE_STANDARD = gnu11;
				GCC_DYNAMIC_NO_PIC = NO;
				GCC_NO_COMMON_BLOCKS = YES;
				GCC_OPTIMIZATION_LEVEL = 0;
				GCC_PREPROCESSOR_DEFINITIONS = (
					"DEBUG=1",
					"$(inherited)",
				);
				GCC_WARN_64_TO_32_BIT_CONVERSION = YES;
				GCC_WARN_ABOUT_RETURN_TYPE = YES_ERROR;
				GCC_WARN_UNDECLARED_SELECTOR = YES;
				GCC_WARN_UNINITIALIZED_AUTOS = YES_AGGRESSIVE;
				GCC_WARN_UNUSED_FUNCTION = YES;
				GCC_WARN_UNUSED_VARIABLE = YES;
				IPHONEOS_DEPLOYMENT_TARGET = 16.1;
				MTL_ENABLE_DEBUG_INFO = INCLUDE_SOURCE;
				MTL_FAST_MATH = YES;
				ONLY_ACTIVE_ARCH = YES;
				SDKROOT = iphoneos;
				SWIFT_ACTIVE_COMPILATION_CONDITIONS = DEBUG;
				SWIFT_OPTIMIZATION_LEVEL = "-Onone";
			};
			name = Debug;
		};
		71C3209129D27DC2008310B9 /* Release */ = {
			isa = XCBuildConfiguration;
			buildSettings = {
				ALWAYS_SEARCH_USER_PATHS = NO;
				CLANG_ANALYZER_NONNULL = YES;
				CLANG_ANALYZER_NUMBER_OBJECT_CONVERSION = YES_AGGRESSIVE;
				CLANG_CXX_LANGUAGE_STANDARD = "gnu++20";
				CLANG_ENABLE_MODULES = YES;
				CLANG_ENABLE_OBJC_ARC = YES;
				CLANG_ENABLE_OBJC_WEAK = YES;
				CLANG_WARN_BLOCK_CAPTURE_AUTORELEASING = YES;
				CLANG_WARN_BOOL_CONVERSION = YES;
				CLANG_WARN_COMMA = YES;
				CLANG_WARN_CONSTANT_CONVERSION = YES;
				CLANG_WARN_DEPRECATED_OBJC_IMPLEMENTATIONS = YES;
				CLANG_WARN_DIRECT_OBJC_ISA_USAGE = YES_ERROR;
				CLANG_WARN_DOCUMENTATION_COMMENTS = YES;
				CLANG_WARN_EMPTY_BODY = YES;
				CLANG_WARN_ENUM_CONVERSION = YES;
				CLANG_WARN_INFINITE_RECURSION = YES;
				CLANG_WARN_INT_CONVERSION = YES;
				CLANG_WARN_NON_LITERAL_NULL_CONVERSION = YES;
				CLANG_WARN_OBJC_IMPLICIT_RETAIN_SELF = YES;
				CLANG_WARN_OBJC_LITERAL_CONVERSION = YES;
				CLANG_WARN_OBJC_ROOT_CLASS = YES_ERROR;
				CLANG_WARN_QUOTED_INCLUDE_IN_FRAMEWORK_HEADER = YES;
				CLANG_WARN_RANGE_LOOP_ANALYSIS = YES;
				CLANG_WARN_STRICT_PROTOTYPES = YES;
				CLANG_WARN_SUSPICIOUS_MOVE = YES;
				CLANG_WARN_UNGUARDED_AVAILABILITY = YES_AGGRESSIVE;
				CLANG_WARN_UNREACHABLE_CODE = YES;
				CLANG_WARN__DUPLICATE_METHOD_MATCH = YES;
				COPY_PHASE_STRIP = NO;
				DEBUG_INFORMATION_FORMAT = "dwarf-with-dsym";
				ENABLE_NS_ASSERTIONS = NO;
				ENABLE_STRICT_OBJC_MSGSEND = YES;
				GCC_C_LANGUAGE_STANDARD = gnu11;
				GCC_NO_COMMON_BLOCKS = YES;
				GCC_WARN_64_TO_32_BIT_CONVERSION = YES;
				GCC_WARN_ABOUT_RETURN_TYPE = YES_ERROR;
				GCC_WARN_UNDECLARED_SELECTOR = YES;
				GCC_WARN_UNINITIALIZED_AUTOS = YES_AGGRESSIVE;
				GCC_WARN_UNUSED_FUNCTION = YES;
				GCC_WARN_UNUSED_VARIABLE = YES;
				IPHONEOS_DEPLOYMENT_TARGET = 16.1;
				MTL_ENABLE_DEBUG_INFO = NO;
				MTL_FAST_MATH = YES;
				SDKROOT = iphoneos;
				SWIFT_COMPILATION_MODE = wholemodule;
				SWIFT_OPTIMIZATION_LEVEL = "-O";
				VALIDATE_PRODUCT = YES;
			};
			name = Release;
		};
		71C3209329D27DC2008310B9 /* Debug */ = {
			isa = XCBuildConfiguration;
			buildSettings = {
				ASSETCATALOG_COMPILER_APPICON_NAME = AppIcon;
				ASSETCATALOG_COMPILER_GLOBAL_ACCENT_COLOR_NAME = AccentColor;
				CODE_SIGN_STYLE = Automatic;
				CURRENT_PROJECT_VERSION = 1;
				DEVELOPMENT_ASSET_PATHS = "\"SwiftConcurrencyBootcamp/Preview Content\"";
				DEVELOPMENT_TEAM = 89BV38HZUZ;
				ENABLE_PREVIEWS = YES;
				GENERATE_INFOPLIST_FILE = YES;
				INFOPLIST_KEY_UIApplicationSceneManifest_Generation = YES;
				INFOPLIST_KEY_UIApplicationSupportsIndirectInputEvents = YES;
				INFOPLIST_KEY_UILaunchScreen_Generation = YES;
				INFOPLIST_KEY_UISupportedInterfaceOrientations_iPad = "UIInterfaceOrientationPortrait UIInterfaceOrientationPortraitUpsideDown UIInterfaceOrientationLandscapeLeft UIInterfaceOrientationLandscapeRight";
				INFOPLIST_KEY_UISupportedInterfaceOrientations_iPhone = "UIInterfaceOrientationPortrait UIInterfaceOrientationLandscapeLeft UIInterfaceOrientationLandscapeRight";
				LD_RUNPATH_SEARCH_PATHS = (
					"$(inherited)",
					"@executable_path/Frameworks",
				);
				MARKETING_VERSION = 1.0;
				PRODUCT_BUNDLE_IDENTIFIER = com.kimleng.SwiftConcurrencyBootcamp;
				PRODUCT_NAME = "$(TARGET_NAME)";
				SWIFT_EMIT_LOC_STRINGS = YES;
				SWIFT_VERSION = 5.0;
				TARGETED_DEVICE_FAMILY = "1,2";
			};
			name = Debug;
		};
		71C3209429D27DC2008310B9 /* Release */ = {
			isa = XCBuildConfiguration;
			buildSettings = {
				ASSETCATALOG_COMPILER_APPICON_NAME = AppIcon;
				ASSETCATALOG_COMPILER_GLOBAL_ACCENT_COLOR_NAME = AccentColor;
				CODE_SIGN_STYLE = Automatic;
				CURRENT_PROJECT_VERSION = 1;
				DEVELOPMENT_ASSET_PATHS = "\"SwiftConcurrencyBootcamp/Preview Content\"";
				DEVELOPMENT_TEAM = 89BV38HZUZ;
				ENABLE_PREVIEWS = YES;
				GENERATE_INFOPLIST_FILE = YES;
				INFOPLIST_KEY_UIApplicationSceneManifest_Generation = YES;
				INFOPLIST_KEY_UIApplicationSupportsIndirectInputEvents = YES;
				INFOPLIST_KEY_UILaunchScreen_Generation = YES;
				INFOPLIST_KEY_UISupportedInterfaceOrientations_iPad = "UIInterfaceOrientationPortrait UIInterfaceOrientationPortraitUpsideDown UIInterfaceOrientationLandscapeLeft UIInterfaceOrientationLandscapeRight";
				INFOPLIST_KEY_UISupportedInterfaceOrientations_iPhone = "UIInterfaceOrientationPortrait UIInterfaceOrientationLandscapeLeft UIInterfaceOrientationLandscapeRight";
				LD_RUNPATH_SEARCH_PATHS = (
					"$(inherited)",
					"@executable_path/Frameworks",
				);
				MARKETING_VERSION = 1.0;
				PRODUCT_BUNDLE_IDENTIFIER = com.kimleng.SwiftConcurrencyBootcamp;
				PRODUCT_NAME = "$(TARGET_NAME)";
				SWIFT_EMIT_LOC_STRINGS = YES;
				SWIFT_VERSION = 5.0;
				TARGETED_DEVICE_FAMILY = "1,2";
			};
			name = Release;
		};
		71C3209629D27DC2008310B9 /* Debug */ = {
			isa = XCBuildConfiguration;
			buildSettings = {
				ALWAYS_EMBED_SWIFT_STANDARD_LIBRARIES = YES;
				BUNDLE_LOADER = "$(TEST_HOST)";
				CODE_SIGN_STYLE = Automatic;
				CURRENT_PROJECT_VERSION = 1;
				DEVELOPMENT_TEAM = 89BV38HZUZ;
				GENERATE_INFOPLIST_FILE = YES;
				IPHONEOS_DEPLOYMENT_TARGET = 16.1;
				MARKETING_VERSION = 1.0;
				PRODUCT_BUNDLE_IDENTIFIER = com.kimleng.SwiftConcurrencyBootcampTests;
				PRODUCT_NAME = "$(TARGET_NAME)";
				SWIFT_EMIT_LOC_STRINGS = NO;
				SWIFT_VERSION = 5.0;
				TARGETED_DEVICE_FAMILY = "1,2";
				TEST_HOST = "$(BUILT_PRODUCTS_DIR)/SwiftConcurrencyBootcamp.app/$(BUNDLE_EXECUTABLE_FOLDER_PATH)/SwiftConcurrencyBootcamp";
			};
			name = Debug;
		};
		71C3209729D27DC2008310B9 /* Release */ = {
			isa = XCBuildConfiguration;
			buildSettings = {
				ALWAYS_EMBED_SWIFT_STANDARD_LIBRARIES = YES;
				BUNDLE_LOADER = "$(TEST_HOST)";
				CODE_SIGN_STYLE = Automatic;
				CURRENT_PROJECT_VERSION = 1;
				DEVELOPMENT_TEAM = 89BV38HZUZ;
				GENERATE_INFOPLIST_FILE = YES;
				IPHONEOS_DEPLOYMENT_TARGET = 16.1;
				MARKETING_VERSION = 1.0;
				PRODUCT_BUNDLE_IDENTIFIER = com.kimleng.SwiftConcurrencyBootcampTests;
				PRODUCT_NAME = "$(TARGET_NAME)";
				SWIFT_EMIT_LOC_STRINGS = NO;
				SWIFT_VERSION = 5.0;
				TARGETED_DEVICE_FAMILY = "1,2";
				TEST_HOST = "$(BUILT_PRODUCTS_DIR)/SwiftConcurrencyBootcamp.app/$(BUNDLE_EXECUTABLE_FOLDER_PATH)/SwiftConcurrencyBootcamp";
			};
			name = Release;
		};
		71C3209929D27DC2008310B9 /* Debug */ = {
			isa = XCBuildConfiguration;
			buildSettings = {
				ALWAYS_EMBED_SWIFT_STANDARD_LIBRARIES = YES;
				CODE_SIGN_STYLE = Automatic;
				CURRENT_PROJECT_VERSION = 1;
				DEVELOPMENT_TEAM = 89BV38HZUZ;
				GENERATE_INFOPLIST_FILE = YES;
				MARKETING_VERSION = 1.0;
				PRODUCT_BUNDLE_IDENTIFIER = com.kimleng.SwiftConcurrencyBootcampUITests;
				PRODUCT_NAME = "$(TARGET_NAME)";
				SWIFT_EMIT_LOC_STRINGS = NO;
				SWIFT_VERSION = 5.0;
				TARGETED_DEVICE_FAMILY = "1,2";
				TEST_TARGET_NAME = SwiftConcurrencyBootcamp;
			};
			name = Debug;
		};
		71C3209A29D27DC2008310B9 /* Release */ = {
			isa = XCBuildConfiguration;
			buildSettings = {
				ALWAYS_EMBED_SWIFT_STANDARD_LIBRARIES = YES;
				CODE_SIGN_STYLE = Automatic;
				CURRENT_PROJECT_VERSION = 1;
				DEVELOPMENT_TEAM = 89BV38HZUZ;
				GENERATE_INFOPLIST_FILE = YES;
				MARKETING_VERSION = 1.0;
				PRODUCT_BUNDLE_IDENTIFIER = com.kimleng.SwiftConcurrencyBootcampUITests;
				PRODUCT_NAME = "$(TARGET_NAME)";
				SWIFT_EMIT_LOC_STRINGS = NO;
				SWIFT_VERSION = 5.0;
				TARGETED_DEVICE_FAMILY = "1,2";
				TEST_TARGET_NAME = SwiftConcurrencyBootcamp;
			};
			name = Release;
		};
/* End XCBuildConfiguration section */

/* Begin XCConfigurationList section */
		71C3206929D27DC0008310B9 /* Build configuration list for PBXProject "SwiftConcurrencyBootcamp" */ = {
			isa = XCConfigurationList;
			buildConfigurations = (
				71C3209029D27DC2008310B9 /* Debug */,
				71C3209129D27DC2008310B9 /* Release */,
			);
			defaultConfigurationIsVisible = 0;
			defaultConfigurationName = Release;
		};
		71C3209229D27DC2008310B9 /* Build configuration list for PBXNativeTarget "SwiftConcurrencyBootcamp" */ = {
			isa = XCConfigurationList;
			buildConfigurations = (
				71C3209329D27DC2008310B9 /* Debug */,
				71C3209429D27DC2008310B9 /* Release */,
			);
			defaultConfigurationIsVisible = 0;
			defaultConfigurationName = Release;
		};
		71C3209529D27DC2008310B9 /* Build configuration list for PBXNativeTarget "SwiftConcurrencyBootcampTests" */ = {
			isa = XCConfigurationList;
			buildConfigurations = (
				71C3209629D27DC2008310B9 /* Debug */,
				71C3209729D27DC2008310B9 /* Release */,
			);
			defaultConfigurationIsVisible = 0;
			defaultConfigurationName = Release;
		};
		71C3209829D27DC2008310B9 /* Build configuration list for PBXNativeTarget "SwiftConcurrencyBootcampUITests" */ = {
			isa = XCConfigurationList;
			buildConfigurations = (
				71C3209929D27DC2008310B9 /* Debug */,
				71C3209A29D27DC2008310B9 /* Release */,
			);
			defaultConfigurationIsVisible = 0;
			defaultConfigurationName = Release;
		};
/* End XCConfigurationList section */
	};
	rootObject = 71C3206629D27DC0008310B9 /* Project object */;
}
